PODS:
  - OCMock (3.2.2)
  - TWGKeyboardObserver (0.1.0)

DEPENDENCIES:
  - OCMock
  - TWGKeyboardObserver (from `../`)

EXTERNAL SOURCES:
  TWGKeyboardObserver:
    :path: "../"

SPEC CHECKSUMS:
  OCMock: 18c9b7e67d4c2770e95bb77a9cc1ae0c91fe3835
  TWGKeyboardObserver: bac20b5303116b236af8e980123eac4b2a734541

COCOAPODS: 0.39.0
